Lr! D�CDD�R3�91!4�!!H,@�D@�-���yhrG����*^���u�4ۋޮȨ��t��޲�oy�m��?�����k�&��� r���*^���u���z{�5�_-�7���|oN���w}�[s��۞7{~���|ӗ�m�����z�ܢ���_oz�"�~t��޲�oy�m��?�����k�&��� r���*�׫��+{��r����5��3}����}�wk�=۟8s~x{�Zo����[�����ڲǦn\�����^}��슉���޲�oy�m��?�����k�&��� r����ڲǦn\�������j�~ןm�6��5�n��ui�=��y�}t��yw�;���o�^���zw"z�m�,zf��;?��iz���ۥ{�(�ױ�^}��ڲǦn\���^���������(u�y��j���r���j�~���z�y�כ���f�i���M�y���雗(���hjا��h�{~��~���z�y����*'ןkz�%��a��l��ނ+-�,��zd��&��j���r��ߖ���x>�����^��Z�ǫ��ߖ���x>�����^��Z�ǫ�^}��{���w�m����_�����W7ｹ�m}k�0y���雗(������j��z��^}��슉���޲�oy�m��?�����k�&��� r����ڲǦn\���^�����b��뢿������j��z���y��3s��N}�Z{]6sm��~{W�ۖ�o�t�f���ڲǦn\���^������}����ޮȨ�^}��(�����i���z����j��(��m�,zf��;?��iz����ޯ����iz����ޯ�y��3�G}���oG�sW��V��M����i��q�v�5u�^�קr'�u��}t��ڲǦn\���^�����{��jg���ޮȨ�^}��(�����i���z����j��(��m�,zf��;?��iz���׾~��{����iz���׾~��{�y��3o��sN���7{Wy��mZu�^{��k��k��u�^�קr'���ڲǦn\����ߩ�)�z�y��j���r���zZ^���^}��슉���޲�oy�m��?�����k�&��� r����ڲǦn\���^�����&���zZ^����y��3��}�n�y�;y���wѯ^���ݦ��n�ێx��ڲǦn\���^����j�W�r��{u��ޮȨ�^}��(�����i���z����j��(��m�,zf��;?��iz���ۥ{�(�ױ�����iz���ۥ{�(�ױ��y��3�׶y��G�疴o�to�����=���㦜��ڲǦn\���^���������(u�y����*'ןkz�%��a��l��ނ+-�,��zd��&��j���r���zZ^���o��ל�׿��^���������(u���`ώ�m����������uӶ���{w�^�k�j���r���zZ^���o�y�b�}y����*'ןkz�%��a��l��ނ+-�,��zd��&��j���r���zZ^���o�y�b���������&�ǜ�*'�^}��y�x���z{w�nvk���������f��nz��u�܉�0y���雗(���-ןpy���雗(������n��z�y��j���r���zZ^���o��ל�׵��m�,zf��;?��&��ן]y���]0y���雗(��'�{�xןoz�"�}y����[�vm�����"���ɪ�H�o�y���雗(��'�{�x���y�珵��`��:�q�8���y�yo�����ͺ�m��v�}שzw^�Ȟ�'�{�x�]u��ڲǦn\���^o]�ןoz�"�}y����[�vm�����"���ɪ�H�o�y���雗(��W��o?��^o]��^}��ۏx�v�}��{w5sy�nw����tm�z��u�܉�%y�7��j���r���jɾyحןoz�"�}y����[�vm�����"���ɪ�H�o�y���雗(����睊�����睊ߵ��`���{NxogwӖ�{Nv�O<�\��t�{����שzw^�Ȟ��j���r��ڲ�y��j���r���zZ^���}��ןpy���雗(��������&���y�{^}��ڲǦn\���^�������rب�^}��ڲǦn\����o�z}y��j���r���jɾ��u��m�,zf��;?��&��������m�,zf��;?��-���׫ן]y���]0y���雗(������^}��슉���޲�oy�m��?�����k�&��� r����ڲǦn\����o�z�������y��3���8����^�Ӧ��מ��zߍ���ws�\u�^�קr'���ڲǦn\�����^}��ڲǦn\���^���������(u�y��j���r���y��y��j���r���y�v�^}��ڲǦn\����o���y����*'ןkz�%��a��l��ނ+-�,��zd��&��j���r���jɾ�����o��ߵ��`��s^��V��5����w{θ����ֵ߷�שzw^�Ȟ��j���r��ڲ�y��j���r���zZ^���}��ןpy���雗(������^}��ڲǦn\����o�j��^}u��}t��ڲǦn\����o�j��^}��슉���޲�oy�m��?�����k�&��� r����ڲǦn\����o�j������&������ןm�7]i�8u�=��ᦟmε{���N�s���͟�g^���zw"z�m�,zf��;?j�u��m�,zf��;?��iz���/���+ןpy���雗(��������&���y�{^}��ڲǦn\����y���^}��ڲǦn\���^o]�ןpy���雗(�����Z�ǫןpy���雗(�����Z�ǫןoz�"�}y����[�vm�����"���ɪ�H�o�y���雗(�����Z�ǫ���j�~���z����`�_wwnq�;�f����^}߮�Ѧ��^4�W_�שzw^�Ȟ��j���r��ڲ�y��j���r��ߖ���x>�����^��Z�ǫןpy���雗(������j��z��^}��ڲǦn\���^�����{��jg���m�,zf��;?��iz���my�Z'�}����r�4�|m�,zf��;?��-���׫ןoz�"�}y����[�vm�����"���ɪ�H�o�y���雗(�����k�{^�����-���׫�^}���9w���\�V��F�s��y��q�t߿;y�z��u�܉�0y���雗(���-ןpy���雗(�����Z�ǫןe�x7�F�n������*'�]kz�%��a��l��ނ+-�,��zd��&��ۭ�����n���]u��������w]���~�N[��;}�w׿Zi�qǩ��w����*'�~kz�%��a��l��ނ+-�,��zd��&��z�l���qǩ�ϵߛ`����_�Mu�m�ݽx{ƻ��<ӗ<{λ���שzw^�Ȟ�h�{�r��6�_'z
-��h�N�i�+��r���s覦���M/z�"�}�ҷ��[�vm�����"���ɪ�H�o�r���ܧjh��)���������w)ښ'>�jh�߷�K`��5q����i����;iݚ㷼�N��ֹѭ��שzw^�Ȟ��(�~tѧ(�~tѧ(�~w����*'�kz�%��a��l��ނ+-�,��zd��&��(����(���[`��^�G7{~�������oN�q�m�xݶ�ѯ���G�ݳ}t��슉��J޲�oy�m��?�����k�&��� r��j;��찢�l��ڎ��{,(��>�m-�7��5�δ����mZw���]����u�4�_8�����4j;��KޮȨ��v��(�����i���z����j��(������j;�睭�>�o��q��i�������x�f��V��m���=�^���zw"z�(�j�~u���j]t����������{�-�)�����H��r�k�kj����7Ѩ��]/z�"�~�ҷ��[�vm�����"���ɪ�H�oڎ�������t��sƟ}����;w���g=s��oƶu�Ѿ�ۇz��u�܉�j�~u���j]�����������{�-�)�����H��r�k�kj����7����;8�V����o���u�V����o���u�kޮȨ�]6��(�����i���z����j��(������o���������o���~�M��?{k]u��=omui����]��_�Κ��=}��kv�u��